
Microsoft Visual Studio Solution File, Format Version 12.00
# Visual Studio 15
VisualStudioVersion = 15.0.26228.98
MinimumVisualStudioVersion = 10.0.40219.1
Project("{FAE04EC0-301F-11D3-BF4B-00C04F79EFBC}") = "WebBrowser.UI", "UI\WebBrowser.UI.csproj", "{D16EEA02-9DB3-4ED8-93A7-BD99A0A18908}"
EndProject
Project("{FAE04EC0-301F-11D3-BF4B-00C04F79EFBC}") = "WebBrowser.Data", "WebBrowser.Data\WebBrowser.Data.csproj", "{05327B1E-A630-4F92-8C4B-18164F4A053F}"
EndProject
Project("{FAE04EC0-301F-11D3-BF4B-00C04F79EFBC}") = "WebBrowser.Logic", "WebBrowser.Logic\WebBrowser.Logic.csproj", "{95912D21-8C20-48B7-AC8F-FEB9D0248608}"
EndProject
Global
	GlobalSection(SolutionConfigurationPlatforms) = preSolution
		Debug|Any CPU = Debug|Any CPU
		Release|Any CPU = Release|Any CPU
	EndGlobalSection
	GlobalSection(ProjectConfigurationPlatforms) = postSolution
		{D16EEA02-9DB3-4ED8-93A7-BD99A0A18908}.Debug|Any CPU.ActiveCfg = Debug|Any CPU
		{D16EEA02-9DB3-4ED8-93A7-BD99A0A18908}.Debug|Any CPU.Build.0 = Debug|Any CPU
		{D16EEA02-9DB3-4ED8-93A7-BD99A0A18908}.Release|Any CPU.ActiveCfg = Release|Any CPU
		{D16EEA02-9DB3-4ED8-93A7-BD99A0A18908}.Release|Any CPU.Build.0 = Release|Any CPU
		{05327B1E-A630-4F92-8C4B-18164F4A053F}.Debug|Any CPU.ActiveCfg = Debug|Any CPU
		{05327B1E-A630-4F92-8C4B-18164F4A053F}.Debug|Any CPU.Build.0 = Debug|Any CPU
		{05327B1E-A630-4F92-8C4B-18164F4A053F}.Release|Any CPU.ActiveCfg = Release|Any CPU
		{05327B1E-A630-4F92-8C4B-18164F4A053F}.Release|Any CPU.Build.0 = Release|Any CPU
		{95912D21-8C20-48B7-AC8F-FEB9D0248608}.Debug|Any CPU.ActiveCfg = Debug|Any CPU
		{95912D21-8C20-48B7-AC8F-FEB9D0248608}.Debug|Any CPU.Build.0 = Debug|Any CPU
		{95912D21-8C20-48B7-AC8F-FEB9D0248608}.Release|Any CPU.ActiveCfg = Release|Any CPU
		{95912D21-8C20-48B7-AC8F-FEB9D0248608}.Release|Any CPU.Build.0 = Release|Any CPU
	EndGlobalSection
	GlobalSection(SolutionProperties) = preSolution
		HideSolutionNode = FALSE
	EndGlobalSection
	GlobalSection(ExtensibilityGlobals) = postSolution
		SolutionGuid = {A2CB91C0-91F7-4436-8BCD-D5665CD2203F}
	EndGlobalSection
EndGlobal
