
Microsoft Visual Studio Solution File, Format Version 12.00
# Visual Studio Version 16
VisualStudioVersion = 16.0.29215.179
MinimumVisualStudioVersion = 10.0.40219.1
Project("{FAE04EC0-301F-11D3-BF4B-00C04F79EFBC}") = "UI", "UI\UI.csproj", "{D16EEA02-9DB3-4ED8-93A7-BD99A0A18908}"
EndProject
Project("{FAE04EC0-301F-11D3-BF4B-00C04F79EFBC}") = "Logic", "Logic\Logic.csproj", "{BB70BA58-5D44-4C59-8B55-3974CB106D06}"
EndProject
Project("{FAE04EC0-301F-11D3-BF4B-00C04F79EFBC}") = "Data", "Data\Data.csproj", "{2E553E5D-C5A0-4BB0-B906-850D2439E4B0}"
EndProject
Global
	GlobalSection(SolutionConfigurationPlatforms) = preSolution
		Debug|Any CPU = Debug|Any CPU
		Release|Any CPU = Release|Any CPU
	EndGlobalSection
	GlobalSection(ProjectConfigurationPlatforms) = postSolution
		{D16EEA02-9DB3-4ED8-93A7-BD99A0A18908}.Debug|Any CPU.ActiveCfg = Debug|Any CPU
		{D16EEA02-9DB3-4ED8-93A7-BD99A0A18908}.Debug|Any CPU.Build.0 = Debug|Any CPU
		{D16EEA02-9DB3-4ED8-93A7-BD99A0A18908}.Release|Any CPU.ActiveCfg = Release|Any CPU
		{D16EEA02-9DB3-4ED8-93A7-BD99A0A18908}.Release|Any CPU.Build.0 = Release|Any CPU
		{BB70BA58-5D44-4C59-8B55-3974CB106D06}.Debug|Any CPU.ActiveCfg = Debug|Any CPU
		{BB70BA58-5D44-4C59-8B55-3974CB106D06}.Debug|Any CPU.Build.0 = Debug|Any CPU
		{BB70BA58-5D44-4C59-8B55-3974CB106D06}.Release|Any CPU.ActiveCfg = Release|Any CPU
		{BB70BA58-5D44-4C59-8B55-3974CB106D06}.Release|Any CPU.Build.0 = Release|Any CPU
		{2E553E5D-C5A0-4BB0-B906-850D2439E4B0}.Debug|Any CPU.ActiveCfg = Debug|Any CPU
		{2E553E5D-C5A0-4BB0-B906-850D2439E4B0}.Debug|Any CPU.Build.0 = Debug|Any CPU
		{2E553E5D-C5A0-4BB0-B906-850D2439E4B0}.Release|Any CPU.ActiveCfg = Release|Any CPU
		{2E553E5D-C5A0-4BB0-B906-850D2439E4B0}.Release|Any CPU.Build.0 = Release|Any CPU
	EndGlobalSection
	GlobalSection(SolutionProperties) = preSolution
		HideSolutionNode = FALSE
	EndGlobalSection
	GlobalSection(ExtensibilityGlobals) = postSolution
		SolutionGuid = {A2CB91C0-91F7-4436-8BCD-D5665CD2203F}
	EndGlobalSection
EndGlobal
